
Microsoft Visual Studio Solution File, Format Version 12.00
# Visual Studio Version 17
VisualStudioVersion = 17.6.33829.357
MinimumVisualStudioVersion = 10.0.40219.1
Project("{FAE04EC0-301F-11D3-BF4B-00C04F79EFBC}") = "HelloWorld", "HelloWorld\HelloWorld.csproj", "{6A5BA963-E5BA-4118-96BD-1947A8C11FC4}"
EndProject
Global
	GlobalSection(SolutionConfigurationPlatforms) = preSolution
		Debug|Any CPU = Debug|Any CPU
		Release|Any CPU = Release|Any CPU
	EndGlobalSection
	GlobalSection(ProjectConfigurationPlatforms) = postSolution
		{6A5BA963-E5BA-4118-96BD-1947A8C11FC4}.Debug|Any CPU.ActiveCfg = Debug|Any CPU
		{6A5BA963-E5BA-4118-96BD-1947A8C11FC4}.Debug|Any CPU.Build.0 = Debug|Any CPU
		{6A5BA963-E5BA-4118-96BD-1947A8C11FC4}.Release|Any CPU.ActiveCfg = Release|Any CPU
		{6A5BA963-E5BA-4118-96BD-1947A8C11FC4}.Release|Any CPU.Build.0 = Release|Any CPU
	EndGlobalSection
	GlobalSection(SolutionProperties) = preSolution
		HideSolutionNode = FALSE
	EndGlobalSection
	GlobalSection(ExtensibilityGlobals) = postSolution
		SolutionGuid = {E0636353-EA0E-41AC-8EE3-BC562D2BDF36}
	EndGlobalSection
EndGlobal
